
Microsoft Visual Studio Solution File, Format Version 12.00
# Visual Studio Version 16
VisualStudioVersion = 16.0.30907.101
MinimumVisualStudioVersion = 10.0.40219.1
Project("{9A19103F-16F7-4668-BE54-9A1E7A4F7556}") = "ConsoleComPort", "ConsoleComPort\ConsoleComPort.csproj", "{AB1C649B-2735-4EF5-9512-FAD436C122C1}"
EndProject
Project("{FAE04EC0-301F-11D3-BF4B-00C04F79EFBC}") = "TestConsole", "TestConsole\TestConsole.csproj", "{12807D4B-C709-4351-A320-45A17DB34DD9}"
EndProject
Project("{FAE04EC0-301F-11D3-BF4B-00C04F79EFBC}") = "AutoCompleteConsole", "..\AutoCompleteConsole\AutoCompleteConsole\AutoCompleteConsole.csproj", "{3D401D4B-492E-4407-A1F0-D812A55A2070}"
EndProject
Global
	GlobalSection(SolutionConfigurationPlatforms) = preSolution
		Debug|Any CPU = Debug|Any CPU
		Release|Any CPU = Release|Any CPU
	EndGlobalSection
	GlobalSection(ProjectConfigurationPlatforms) = postSolution
		{AB1C649B-2735-4EF5-9512-FAD436C122C1}.Debug|Any CPU.ActiveCfg = Debug|Any CPU
		{AB1C649B-2735-4EF5-9512-FAD436C122C1}.Debug|Any CPU.Build.0 = Debug|Any CPU
		{AB1C649B-2735-4EF5-9512-FAD436C122C1}.Release|Any CPU.ActiveCfg = Release|Any CPU
		{AB1C649B-2735-4EF5-9512-FAD436C122C1}.Release|Any CPU.Build.0 = Release|Any CPU
		{12807D4B-C709-4351-A320-45A17DB34DD9}.Debug|Any CPU.ActiveCfg = Debug|Any CPU
		{12807D4B-C709-4351-A320-45A17DB34DD9}.Debug|Any CPU.Build.0 = Debug|Any CPU
		{12807D4B-C709-4351-A320-45A17DB34DD9}.Release|Any CPU.ActiveCfg = Release|Any CPU
		{12807D4B-C709-4351-A320-45A17DB34DD9}.Release|Any CPU.Build.0 = Release|Any CPU
		{3D401D4B-492E-4407-A1F0-D812A55A2070}.Debug|Any CPU.ActiveCfg = Debug|Any CPU
		{3D401D4B-492E-4407-A1F0-D812A55A2070}.Debug|Any CPU.Build.0 = Debug|Any CPU
		{3D401D4B-492E-4407-A1F0-D812A55A2070}.Release|Any CPU.ActiveCfg = Release|Any CPU
		{3D401D4B-492E-4407-A1F0-D812A55A2070}.Release|Any CPU.Build.0 = Release|Any CPU
	EndGlobalSection
	GlobalSection(SolutionProperties) = preSolution
		HideSolutionNode = FALSE
	EndGlobalSection
	GlobalSection(ExtensibilityGlobals) = postSolution
		SolutionGuid = {CB0F5A67-79F8-46C2-ABBB-17B426CAE448}
	EndGlobalSection
EndGlobal
